
Microsoft Visual Studio Solution File, Format Version 12.00
# Visual Studio Version 16
VisualStudioVersion = 16.0.30717.126
MinimumVisualStudioVersion = 10.0.40219.1
Project("{8BC9CEB8-8B4A-11D0-8D11-00A0C91BC942}") = "Sandbox", "Sandbox\Sandbox.vcxproj", "{39B3AFE3-09A6-49D4-8ABA-6CDF4BB1560D}"
EndProject
Project("{8BC9CEB8-8B4A-11D0-8D11-00A0C91BC942}") = "Hazel", "Hazel\Hazel.vcxproj", "{225D0854-16CF-4C83-BCF9-C420274D34D4}"
EndProject
Global
	GlobalSection(SolutionConfigurationPlatforms) = preSolution
		Debug|x64 = Debug|x64
		Release|x64 = Release|x64
	EndGlobalSection
	GlobalSection(ProjectConfigurationPlatforms) = postSolution
		{225D0854-16CF-4C83-BCF9-C420274D34D4}.Debug|x64.ActiveCfg = Debug|x64
		{225D0854-16CF-4C83-BCF9-C420274D34D4}.Debug|x64.Build.0 = Debug|x64
		{225D0854-16CF-4C83-BCF9-C420274D34D4}.Release|x64.ActiveCfg = Release|x64
		{225D0854-16CF-4C83-BCF9-C420274D34D4}.Release|x64.Build.0 = Release|x64
		{39B3AFE3-09A6-49D4-8ABA-6CDF4BB1560D}.Debug|x64.ActiveCfg = Debug|x64
		{39B3AFE3-09A6-49D4-8ABA-6CDF4BB1560D}.Debug|x64.Build.0 = Debug|x64
		{39B3AFE3-09A6-49D4-8ABA-6CDF4BB1560D}.Release|x64.ActiveCfg = Release|x64
		{39B3AFE3-09A6-49D4-8ABA-6CDF4BB1560D}.Release|x64.Build.0 = Release|x64
	EndGlobalSection
	GlobalSection(SolutionProperties) = preSolution
		HideSolutionNode = FALSE
	EndGlobalSection
	GlobalSection(ExtensibilityGlobals) = postSolution
		SolutionGuid = {00CF5BCB-B766-4A15-B4D0-54B20A9658AE}
	EndGlobalSection
EndGlobal
